
Microsoft Visual Studio Solution File, Format Version 12.00
# Visual Studio Version 17
VisualStudioVersion = 17.5.002.0
MinimumVisualStudioVersion = 10.0.40219.1
Project("{9A19103F-16F7-4668-BE54-9A1E7A4F7556}") = "Exo.WebApi", "Exo.WebApi.csproj", "{F12985E6-D3B4-468D-8812-DC2EBD7B5CB9}"
EndProject
Global
	GlobalSection(SolutionConfigurationPlatforms) = preSolution
		Debug|Any CPU = Debug|Any CPU
		Release|Any CPU = Release|Any CPU
	EndGlobalSection
	GlobalSection(ProjectConfigurationPlatforms) = postSolution
		{F12985E6-D3B4-468D-8812-DC2EBD7B5CB9}.Debug|Any CPU.ActiveCfg = Debug|Any CPU
		{F12985E6-D3B4-468D-8812-DC2EBD7B5CB9}.Debug|Any CPU.Build.0 = Debug|Any CPU
		{F12985E6-D3B4-468D-8812-DC2EBD7B5CB9}.Release|Any CPU.ActiveCfg = Release|Any CPU
		{F12985E6-D3B4-468D-8812-DC2EBD7B5CB9}.Release|Any CPU.Build.0 = Release|Any CPU
	EndGlobalSection
	GlobalSection(SolutionProperties) = preSolution
		HideSolutionNode = FALSE
	EndGlobalSection
	GlobalSection(ExtensibilityGlobals) = postSolution
		SolutionGuid = {8B84C1A3-28D4-4183-A1A5-26E173B45F14}
	EndGlobalSection
EndGlobal
